// !$*UTF8*$!
{
	archiveVersion = 1;
	classes = {
	};
	objectVersion = 56;
	objects = {

/* Begin PBXBuildFile section */
		ADB837942BBD0AE700E0179E /* dongVector.cpp in Sources */ = {isa = PBXBuildFile; fileRef = ADB837932BBC686A00E0179E /* dongVector.cpp */; };
		ADB837952BBD0AE900E0179E /* dongMatrix.cpp in Sources */ = {isa = PBXBuildFile; fileRef = ADB837922BBC3ADA00E0179E /* dongMatrix.cpp */; };
		ADB8379B2BC03C5300E0179E /* main.cpp in Sources */ = {isa = PBXBuildFile; fileRef = AD825F412BBA7BC600391F98 /* main.cpp */; };
/* End PBXBuildFile section */

/* Begin PBXCopyFilesBuildPhase section */
		AD825F3C2BBA7BC600391F98 /* CopyFiles */ = {
			isa = PBXCopyFilesBuildPhase;
			buildActionMask = 2147483647;
			dstPath = /usr/share/man/man1/;
			dstSubfolderSpec = 0;
			files = (
			);
			runOnlyForDeploymentPostprocessing = 1;
		};
/* End PBXCopyFilesBuildPhase section */

/* Begin PBXFileReference section */
		AD825F3E2BBA7BC600391F98 /* Algebra_compute */ = {isa = PBXFileReference; explicitFileType = "compiled.mach-o.executable"; includeInIndex = 0; path = Algebra_compute; sourceTree = BUILT_PRODUCTS_DIR; };
		AD825F412BBA7BC600391F98 /* main.cpp */ = {isa = PBXFileReference; lastKnownFileType = sourcecode.cpp.cpp; path = main.cpp; sourceTree = "<group>"; };
		AD825F492BBA7BF100391F98 /* dongVector.hpp */ = {isa = PBXFileReference; lastKnownFileType = sourcecode.cpp.h; path = dongVector.hpp; sourceTree = "<group>"; };
		AD825F4C2BBAE0DD00391F98 /* dongMatrix.hpp */ = {isa = PBXFileReference; lastKnownFileType = sourcecode.cpp.h; path = dongMatrix.hpp; sourceTree = "<group>"; };
		AD825F512BBBEF3B00391F98 /* iosources */ = {isa = PBXFileReference; lastKnownFileType = folder; path = iosources; sourceTree = "<group>"; };
		ADB837922BBC3ADA00E0179E /* dongMatrix.cpp */ = {isa = PBXFileReference; lastKnownFileType = sourcecode.cpp.cpp; path = dongMatrix.cpp; sourceTree = "<group>"; };
		ADB837932BBC686A00E0179E /* dongVector.cpp */ = {isa = PBXFileReference; lastKnownFileType = sourcecode.cpp.cpp; path = dongVector.cpp; sourceTree = "<group>"; };
		ADB837962BBD45E400E0179E /* README.md */ = {isa = PBXFileReference; explicitFileType = net.daringfireball.markdown; path = README.md; sourceTree = "<group>"; };
		ADB837972BC0219900E0179E /* test.cpp */ = {isa = PBXFileReference; lastKnownFileType = sourcecode.cpp.cpp; path = test.cpp; sourceTree = "<group>"; };
/* End PBXFileReference section */

/* Begin PBXFrameworksBuildPhase section */
		AD825F3B2BBA7BC600391F98 /* Frameworks */ = {
			isa = PBXFrameworksBuildPhase;
			buildActionMask = 2147483647;
			files = (
			);
			runOnlyForDeploymentPostprocessing = 0;
		};
/* End PBXFrameworksBuildPhase section */

/* Begin PBXGroup section */
		AD825F352BBA7BC600391F98 = {
			isa = PBXGroup;
			children = (
				ADB837962BBD45E400E0179E /* README.md */,
				AD825F512BBBEF3B00391F98 /* iosources */,
				AD825F402BBA7BC600391F98 /* src */,
				AD825F3F2BBA7BC600391F98 /* Products */,
			);
			sourceTree = "<group>";
		};
		AD825F3F2BBA7BC600391F98 /* Products */ = {
			isa = PBXGroup;
			children = (
				AD825F3E2BBA7BC600391F98 /* Algebra_compute */,
			);
			name = Products;
			sourceTree = "<group>";
		};
		AD825F402BBA7BC600391F98 /* src */ = {
			isa = PBXGroup;
			children = (
				AD825F412BBA7BC600391F98 /* main.cpp */,
				ADB837972BC0219900E0179E /* test.cpp */,
				AD825F492BBA7BF100391F98 /* dongVector.hpp */,
				ADB837932BBC686A00E0179E /* dongVector.cpp */,
				AD825F4C2BBAE0DD00391F98 /* dongMatrix.hpp */,
				ADB837922BBC3ADA00E0179E /* dongMatrix.cpp */,
			);
			path = src;
			sourceTree = "<group>";
		};
/* End PBXGroup section */

/* Begin PBXNativeTarget section */
		AD825F3D2BBA7BC600391F98 /* Algebra_compute */ = {
			isa = PBXNativeTarget;
			buildConfigurationList = AD825F452BBA7BC600391F98 /* Build configuration list for PBXNativeTarget "Algebra_compute" */;
			buildPhases = (
				AD825F3A2BBA7BC600391F98 /* Sources */,
				AD825F3B2BBA7BC600391F98 /* Frameworks */,
				AD825F3C2BBA7BC600391F98 /* CopyFiles */,
			);
			buildRules = (
			);
			dependencies = (
			);
			name = Algebra_compute;
			productName = Algebra_compute;
			productReference = AD825F3E2BBA7BC600391F98 /* Algebra_compute */;
			productType = "com.apple.product-type.tool";
		};
/* End PBXNativeTarget section */

/* Begin PBXProject section */
		AD825F362BBA7BC600391F98 /* Project object */ = {
			isa = PBXProject;
			attributes = {
				BuildIndependentTargetsInParallel = 1;
				LastUpgradeCheck = 1520;
				TargetAttributes = {
					AD825F3D2BBA7BC600391F98 = {
						CreatedOnToolsVersion = 15.2;
					};
				};
			};
			buildConfigurationList = AD825F392BBA7BC600391F98 /* Build configuration list for PBXProject "Algebra_compute" */;
			compatibilityVersion = "Xcode 14.0";
			developmentRegion = en;
			hasScannedForEncodings = 0;
			knownRegions = (
				en,
				Base,
			);
			mainGroup = AD825F352BBA7BC600391F98;
			productRefGroup = AD825F3F2BBA7BC600391F98 /* Products */;
			projectDirPath = "";
			projectRoot = "";
			targets = (
				AD825F3D2BBA7BC600391F98 /* Algebra_compute */,
			);
		};
/* End PBXProject section */

/* Begin PBXSourcesBuildPhase section */
		AD825F3A2BBA7BC600391F98 /* Sources */ = {
			isa = PBXSourcesBuildPhase;
			buildActionMask = 2147483647;
			files = (
				ADB837952BBD0AE900E0179E /* dongMatrix.cpp in Sources */,
				ADB837942BBD0AE700E0179E /* dongVector.cpp in Sources */,
				ADB8379B2BC03C5300E0179E /* main.cpp in Sources */,
			);
			runOnlyForDeploymentPostprocessing = 0;
		};
/* End PBXSourcesBuildPhase section */

/* Begin XCBuildConfiguration section */
		AD825F432BBA7BC600391F98 /* Debug */ = {
			isa = XCBuildConfiguration;
			buildSettings = {
				ALWAYS_SEARCH_USER_PATHS = NO;
				ASSETCATALOG_COMPILER_GENERATE_SWIFT_ASSET_SYMBOL_EXTENSIONS = YES;
				CLANG_ANALYZER_NONNULL = YES;
				CLANG_ANALYZER_NUMBER_OBJECT_CONVERSION = YES_AGGRESSIVE;
				CLANG_CXX_LANGUAGE_STANDARD = "gnu++20";
				CLANG_ENABLE_MODULES = YES;
				CLANG_ENABLE_OBJC_ARC = YES;
				CLANG_ENABLE_OBJC_WEAK = YES;
				CLANG_WARN_BLOCK_CAPTURE_AUTORELEASING = YES;
				CLANG_WARN_BOOL_CONVERSION = YES;
				CLANG_WARN_COMMA = YES;
				CLANG_WARN_CONSTANT_CONVERSION = YES;
				CLANG_WARN_DEPRECATED_OBJC_IMPLEMENTATIONS = YES;
				CLANG_WARN_DIRECT_OBJC_ISA_USAGE = YES_ERROR;
				CLANG_WARN_DOCUMENTATION_COMMENTS = YES;
				CLANG_WARN_EMPTY_BODY = YES;
				CLANG_WARN_ENUM_CONVERSION = YES;
				CLANG_WARN_INFINITE_RECURSION = YES;
				CLANG_WARN_INT_CONVERSION = YES;
				CLANG_WARN_NON_LITERAL_NULL_CONVERSION = YES;
				CLANG_WARN_OBJC_IMPLICIT_RETAIN_SELF = YES;
				CLANG_WARN_OBJC_LITERAL_CONVERSION = YES;
				CLANG_WARN_OBJC_ROOT_CLASS = YES_ERROR;
				CLANG_WARN_QUOTED_INCLUDE_IN_FRAMEWORK_HEADER = YES;
				CLANG_WARN_RANGE_LOOP_ANALYSIS = YES;
				CLANG_WARN_STRICT_PROTOTYPES = YES;
				CLANG_WARN_SUSPICIOUS_MOVE = YES;
				CLANG_WARN_UNGUARDED_AVAILABILITY = YES_AGGRESSIVE;
				CLANG_WARN_UNREACHABLE_CODE = YES;
				CLANG_WARN__DUPLICATE_METHOD_MATCH = YES;
				COPY_PHASE_STRIP = NO;
				DEBUG_INFORMATION_FORMAT = dwarf;
				ENABLE_STRICT_OBJC_MSGSEND = YES;
				ENABLE_TESTABILITY = YES;
				ENABLE_USER_SCRIPT_SANDBOXING = YES;
				GCC_C_LANGUAGE_STANDARD = gnu17;
				GCC_DYNAMIC_NO_PIC = NO;
				GCC_NO_COMMON_BLOCKS = YES;
				GCC_OPTIMIZATION_LEVEL = 0;
				GCC_PREPROCESSOR_DEFINITIONS = (
					"DEBUG=1",
					"$(inherited)",
				);
				GCC_WARN_64_TO_32_BIT_CONVERSION = YES;
				GCC_WARN_ABOUT_RETURN_TYPE = YES_ERROR;
				GCC_WARN_UNDECLARED_SELECTOR = YES;
				GCC_WARN_UNINITIALIZED_AUTOS = YES_AGGRESSIVE;
				GCC_WARN_UNUSED_FUNCTION = YES;
				GCC_WARN_UNUSED_VARIABLE = YES;
				LOCALIZATION_PREFERS_STRING_CATALOGS = YES;
				MACOSX_DEPLOYMENT_TARGET = 14.2;
				MTL_ENABLE_DEBUG_INFO = INCLUDE_SOURCE;
				MTL_FAST_MATH = YES;
				ONLY_ACTIVE_ARCH = YES;
				SDKROOT = macosx;
			};
			name = Debug;
		};
		AD825F442BBA7BC600391F98 /* Release */ = {
			isa = XCBuildConfiguration;
			buildSettings = {
				ALWAYS_SEARCH_USER_PATHS = NO;
				ASSETCATALOG_COMPILER_GENERATE_SWIFT_ASSET_SYMBOL_EXTENSIONS = YES;
				CLANG_ANALYZER_NONNULL = YES;
				CLANG_ANALYZER_NUMBER_OBJECT_CONVERSION = YES_AGGRESSIVE;
				CLANG_CXX_LANGUAGE_STANDARD = "gnu++20";
				CLANG_ENABLE_MODULES = YES;
				CLANG_ENABLE_OBJC_ARC = YES;
				CLANG_ENABLE_OBJC_WEAK = YES;
				CLANG_WARN_BLOCK_CAPTURE_AUTORELEASING = YES;
				CLANG_WARN_BOOL_CONVERSION = YES;
				CLANG_WARN_COMMA = YES;
				CLANG_WARN_CONSTANT_CONVERSION = YES;
				CLANG_WARN_DEPRECATED_OBJC_IMPLEMENTATIONS = YES;
				CLANG_WARN_DIRECT_OBJC_ISA_USAGE = YES_ERROR;
				CLANG_WARN_DOCUMENTATION_COMMENTS = YES;
				CLANG_WARN_EMPTY_BODY = YES;
				CLANG_WARN_ENUM_CONVERSION = YES;
				CLANG_WARN_INFINITE_RECURSION = YES;
				CLANG_WARN_INT_CONVERSION = YES;
				CLANG_WARN_NON_LITERAL_NULL_CONVERSION = YES;
				CLANG_WARN_OBJC_IMPLICIT_RETAIN_SELF = YES;
				CLANG_WARN_OBJC_LITERAL_CONVERSION = YES;
				CLANG_WARN_OBJC_ROOT_CLASS = YES_ERROR;
				CLANG_WARN_QUOTED_INCLUDE_IN_FRAMEWORK_HEADER = YES;
				CLANG_WARN_RANGE_LOOP_ANALYSIS = YES;
				CLANG_WARN_STRICT_PROTOTYPES = YES;
				CLANG_WARN_SUSPICIOUS_MOVE = YES;
				CLANG_WARN_UNGUARDED_AVAILABILITY = YES_AGGRESSIVE;
				CLANG_WARN_UNREACHABLE_CODE = YES;
				CLANG_WARN__DUPLICATE_METHOD_MATCH = YES;
				COPY_PHASE_STRIP = NO;
				DEBUG_INFORMATION_FORMAT = "dwarf-with-dsym";
				ENABLE_NS_ASSERTIONS = NO;
				ENABLE_STRICT_OBJC_MSGSEND = YES;
				ENABLE_USER_SCRIPT_SANDBOXING = YES;
				GCC_C_LANGUAGE_STANDARD = gnu17;
				GCC_NO_COMMON_BLOCKS = YES;
				GCC_WARN_64_TO_32_BIT_CONVERSION = YES;
				GCC_WARN_ABOUT_RETURN_TYPE = YES_ERROR;
				GCC_WARN_UNDECLARED_SELECTOR = YES;
				GCC_WARN_UNINITIALIZED_AUTOS = YES_AGGRESSIVE;
				GCC_WARN_UNUSED_FUNCTION = YES;
				GCC_WARN_UNUSED_VARIABLE = YES;
				LOCALIZATION_PREFERS_STRING_CATALOGS = YES;
				MACOSX_DEPLOYMENT_TARGET = 14.2;
				MTL_ENABLE_DEBUG_INFO = NO;
				MTL_FAST_MATH = YES;
				SDKROOT = macosx;
			};
			name = Release;
		};
		AD825F462BBA7BC600391F98 /* Debug */ = {
			isa = XCBuildConfiguration;
			buildSettings = {
				CODE_SIGN_STYLE = Automatic;
				DEVELOPMENT_TEAM = XT9UMV3X3G;
				ENABLE_HARDENED_RUNTIME = YES;
				PRODUCT_NAME = "$(TARGET_NAME)";
			};
			name = Debug;
		};
		AD825F472BBA7BC600391F98 /* Release */ = {
			isa = XCBuildConfiguration;
			buildSettings = {
				CODE_SIGN_STYLE = Automatic;
				DEVELOPMENT_TEAM = XT9UMV3X3G;
				ENABLE_HARDENED_RUNTIME = YES;
				PRODUCT_NAME = "$(TARGET_NAME)";
			};
			name = Release;
		};
/* End XCBuildConfiguration section */

/* Begin XCConfigurationList section */
		AD825F392BBA7BC600391F98 /* Build configuration list for PBXProject "Algebra_compute" */ = {
			isa = XCConfigurationList;
			buildConfigurations = (
				AD825F432BBA7BC600391F98 /* Debug */,
				AD825F442BBA7BC600391F98 /* Release */,
			);
			defaultConfigurationIsVisible = 0;
			defaultConfigurationName = Release;
		};
		AD825F452BBA7BC600391F98 /* Build configuration list for PBXNativeTarget "Algebra_compute" */ = {
			isa = XCConfigurationList;
			buildConfigurations = (
				AD825F462BBA7BC600391F98 /* Debug */,
				AD825F472BBA7BC600391F98 /* Release */,
			);
			defaultConfigurationIsVisible = 0;
			defaultConfigurationName = Release;
		};
/* End XCConfigurationList section */
	};
	rootObject = AD825F362BBA7BC600391F98 /* Project object */;
}
